
Microsoft Visual Studio Solution File, Format Version 12.00
# Visual Studio Version 16
VisualStudioVersion = 16.0.33130.400
MinimumVisualStudioVersion = 10.0.40219.1
Project("{FAE04EC0-301F-11D3-BF4B-00C04F79EFBC}") = "Miyeonsi_Game", "Miyeonsi_Game.csproj", "{ED3DDE57-A04E-4E02-A708-27AFBCAFFFF1}"
EndProject
Global
	GlobalSection(SolutionConfigurationPlatforms) = preSolution
		Debug|Any CPU = Debug|Any CPU
		Release|Any CPU = Release|Any CPU
	EndGlobalSection
	GlobalSection(ProjectConfigurationPlatforms) = postSolution
		{ED3DDE57-A04E-4E02-A708-27AFBCAFFFF1}.Debug|Any CPU.ActiveCfg = Debug|Any CPU
		{ED3DDE57-A04E-4E02-A708-27AFBCAFFFF1}.Debug|Any CPU.Build.0 = Debug|Any CPU
		{ED3DDE57-A04E-4E02-A708-27AFBCAFFFF1}.Release|Any CPU.ActiveCfg = Release|Any CPU
		{ED3DDE57-A04E-4E02-A708-27AFBCAFFFF1}.Release|Any CPU.Build.0 = Release|Any CPU
	EndGlobalSection
	GlobalSection(SolutionProperties) = preSolution
		HideSolutionNode = FALSE
	EndGlobalSection
	GlobalSection(ExtensibilityGlobals) = postSolution
		SolutionGuid = {D3EC2AD9-E941-45AA-9428-3278C5AA26F9}
	EndGlobalSection
EndGlobal
